// !$*UTF8*$!
{
	archiveVersion = 1;
	classes = {
	};
	objectVersion = 56;
	objects = {

/* Begin PBXBuildFile section */
		06AE35932C7FF0A1008326AD /* ChallengeMercadoLibreApp.swift in Sources */ = {isa = PBXBuildFile; fileRef = 06AE35922C7FF0A1008326AD /* ChallengeMercadoLibreApp.swift */; };
		06AE35972C7FF0A2008326AD /* Assets.xcassets in Resources */ = {isa = PBXBuildFile; fileRef = 06AE35962C7FF0A2008326AD /* Assets.xcassets */; };
		06AE359A2C7FF0A2008326AD /* Preview Assets.xcassets in Resources */ = {isa = PBXBuildFile; fileRef = 06AE35992C7FF0A2008326AD /* Preview Assets.xcassets */; };
		06AE35A42C7FF0A2008326AD /* ChallengeMercadoLibreTests.swift in Sources */ = {isa = PBXBuildFile; fileRef = 06AE35A32C7FF0A2008326AD /* ChallengeMercadoLibreTests.swift */; };
		06AE35AE2C7FF0A2008326AD /* ChallengeMercadoLibreUITests.swift in Sources */ = {isa = PBXBuildFile; fileRef = 06AE35AD2C7FF0A2008326AD /* ChallengeMercadoLibreUITests.swift */; };
		06AE35B02C7FF0A2008326AD /* ChallengeMercadoLibreUITestsLaunchTests.swift in Sources */ = {isa = PBXBuildFile; fileRef = 06AE35AF2C7FF0A2008326AD /* ChallengeMercadoLibreUITestsLaunchTests.swift */; };
		06AE35C42C7FF359008326AD /* MainView.swift in Sources */ = {isa = PBXBuildFile; fileRef = 06AE35C32C7FF359008326AD /* MainView.swift */; };
/* End PBXBuildFile section */

/* Begin PBXContainerItemProxy section */
		06AE35A02C7FF0A2008326AD /* PBXContainerItemProxy */ = {
			isa = PBXContainerItemProxy;
			containerPortal = 06AE35872C7FF0A1008326AD /* Project object */;
			proxyType = 1;
			remoteGlobalIDString = 06AE358E2C7FF0A1008326AD;
			remoteInfo = ChallengeMercadoLibre;
		};
		06AE35AA2C7FF0A2008326AD /* PBXContainerItemProxy */ = {
			isa = PBXContainerItemProxy;
			containerPortal = 06AE35872C7FF0A1008326AD /* Project object */;
			proxyType = 1;
			remoteGlobalIDString = 06AE358E2C7FF0A1008326AD;
			remoteInfo = ChallengeMercadoLibre;
		};
/* End PBXContainerItemProxy section */

/* Begin PBXFileReference section */
		06AE358F2C7FF0A1008326AD /* ChallengeMercadoLibre.app */ = {isa = PBXFileReference; explicitFileType = wrapper.application; includeInIndex = 0; path = ChallengeMercadoLibre.app; sourceTree = BUILT_PRODUCTS_DIR; };
		06AE35922C7FF0A1008326AD /* ChallengeMercadoLibreApp.swift */ = {isa = PBXFileReference; lastKnownFileType = sourcecode.swift; path = ChallengeMercadoLibreApp.swift; sourceTree = "<group>"; };
		06AE35962C7FF0A2008326AD /* Assets.xcassets */ = {isa = PBXFileReference; lastKnownFileType = folder.assetcatalog; path = Assets.xcassets; sourceTree = "<group>"; };
		06AE35992C7FF0A2008326AD /* Preview Assets.xcassets */ = {isa = PBXFileReference; lastKnownFileType = folder.assetcatalog; path = "Preview Assets.xcassets"; sourceTree = "<group>"; };
		06AE359F2C7FF0A2008326AD /* ChallengeMercadoLibreTests.xctest */ = {isa = PBXFileReference; explicitFileType = wrapper.cfbundle; includeInIndex = 0; path = ChallengeMercadoLibreTests.xctest; sourceTree = BUILT_PRODUCTS_DIR; };
		06AE35A32C7FF0A2008326AD /* ChallengeMercadoLibreTests.swift */ = {isa = PBXFileReference; lastKnownFileType = sourcecode.swift; path = ChallengeMercadoLibreTests.swift; sourceTree = "<group>"; };
		06AE35A92C7FF0A2008326AD /* ChallengeMercadoLibreUITests.xctest */ = {isa = PBXFileReference; explicitFileType = wrapper.cfbundle; includeInIndex = 0; path = ChallengeMercadoLibreUITests.xctest; sourceTree = BUILT_PRODUCTS_DIR; };
		06AE35AD2C7FF0A2008326AD /* ChallengeMercadoLibreUITests.swift */ = {isa = PBXFileReference; lastKnownFileType = sourcecode.swift; path = ChallengeMercadoLibreUITests.swift; sourceTree = "<group>"; };
		06AE35AF2C7FF0A2008326AD /* ChallengeMercadoLibreUITestsLaunchTests.swift */ = {isa = PBXFileReference; lastKnownFileType = sourcecode.swift; path = ChallengeMercadoLibreUITestsLaunchTests.swift; sourceTree = "<group>"; };
		06AE35C32C7FF359008326AD /* MainView.swift */ = {isa = PBXFileReference; fileEncoding = 4; lastKnownFileType = sourcecode.swift; path = MainView.swift; sourceTree = "<group>"; };
		06AE35C52C7FF3B4008326AD /* Info.plist */ = {isa = PBXFileReference; lastKnownFileType = text.plist.xml; path = Info.plist; sourceTree = "<group>"; };
/* End PBXFileReference section */

/* Begin PBXFrameworksBuildPhase section */
		06AE358C2C7FF0A1008326AD /* Frameworks */ = {
			isa = PBXFrameworksBuildPhase;
			buildActionMask = 2147483647;
			files = (
			);
			runOnlyForDeploymentPostprocessing = 0;
		};
		06AE359C2C7FF0A2008326AD /* Frameworks */ = {
			isa = PBXFrameworksBuildPhase;
			buildActionMask = 2147483647;
			files = (
			);
			runOnlyForDeploymentPostprocessing = 0;
		};
		06AE35A62C7FF0A2008326AD /* Frameworks */ = {
			isa = PBXFrameworksBuildPhase;
			buildActionMask = 2147483647;
			files = (
			);
			runOnlyForDeploymentPostprocessing = 0;
		};
/* End PBXFrameworksBuildPhase section */

/* Begin PBXGroup section */
		06AE35862C7FF0A1008326AD = {
			isa = PBXGroup;
			children = (
				06AE35912C7FF0A1008326AD /* ChallengeMercadoLibre */,
				06AE35A22C7FF0A2008326AD /* ChallengeMercadoLibreTests */,
				06AE35AC2C7FF0A2008326AD /* ChallengeMercadoLibreUITests */,
				06AE35902C7FF0A1008326AD /* Products */,
			);
			sourceTree = "<group>";
		};
		06AE35902C7FF0A1008326AD /* Products */ = {
			isa = PBXGroup;
			children = (
				06AE358F2C7FF0A1008326AD /* ChallengeMercadoLibre.app */,
				06AE359F2C7FF0A2008326AD /* ChallengeMercadoLibreTests.xctest */,
				06AE35A92C7FF0A2008326AD /* ChallengeMercadoLibreUITests.xctest */,
			);
			name = Products;
			sourceTree = "<group>";
		};
		06AE35912C7FF0A1008326AD /* ChallengeMercadoLibre */ = {
			isa = PBXGroup;
			children = (
				06AE35C52C7FF3B4008326AD /* Info.plist */,
				06AE35922C7FF0A1008326AD /* ChallengeMercadoLibreApp.swift */,
				06AE35C32C7FF359008326AD /* MainView.swift */,
				06AE35962C7FF0A2008326AD /* Assets.xcassets */,
				06AE35982C7FF0A2008326AD /* Preview Content */,
			);
			path = ChallengeMercadoLibre;
			sourceTree = "<group>";
		};
		06AE35982C7FF0A2008326AD /* Preview Content */ = {
			isa = PBXGroup;
			children = (
				06AE35992C7FF0A2008326AD /* Preview Assets.xcassets */,
			);
			path = "Preview Content";
			sourceTree = "<group>";
		};
		06AE35A22C7FF0A2008326AD /* ChallengeMercadoLibreTests */ = {
			isa = PBXGroup;
			children = (
				06AE35A32C7FF0A2008326AD /* ChallengeMercadoLibreTests.swift */,
			);
			path = ChallengeMercadoLibreTests;
			sourceTree = "<group>";
		};
		06AE35AC2C7FF0A2008326AD /* ChallengeMercadoLibreUITests */ = {
			isa = PBXGroup;
			children = (
				06AE35AD2C7FF0A2008326AD /* ChallengeMercadoLibreUITests.swift */,
				06AE35AF2C7FF0A2008326AD /* ChallengeMercadoLibreUITestsLaunchTests.swift */,
			);
			path = ChallengeMercadoLibreUITests;
			sourceTree = "<group>";
		};
/* End PBXGroup section */

/* Begin PBXNativeTarget section */
		06AE358E2C7FF0A1008326AD /* ChallengeMercadoLibre */ = {
			isa = PBXNativeTarget;
			buildConfigurationList = 06AE35B32C7FF0A2008326AD /* Build configuration list for PBXNativeTarget "ChallengeMercadoLibre" */;
			buildPhases = (
				06AE358B2C7FF0A1008326AD /* Sources */,
				06AE358C2C7FF0A1008326AD /* Frameworks */,
				06AE358D2C7FF0A1008326AD /* Resources */,
			);
			buildRules = (
			);
			dependencies = (
			);
			name = ChallengeMercadoLibre;
			productName = ChallengeMercadoLibre;
			productReference = 06AE358F2C7FF0A1008326AD /* ChallengeMercadoLibre.app */;
			productType = "com.apple.product-type.application";
		};
		06AE359E2C7FF0A2008326AD /* ChallengeMercadoLibreTests */ = {
			isa = PBXNativeTarget;
			buildConfigurationList = 06AE35B62C7FF0A2008326AD /* Build configuration list for PBXNativeTarget "ChallengeMercadoLibreTests" */;
			buildPhases = (
				06AE359B2C7FF0A2008326AD /* Sources */,
				06AE359C2C7FF0A2008326AD /* Frameworks */,
				06AE359D2C7FF0A2008326AD /* Resources */,
			);
			buildRules = (
			);
			dependencies = (
				06AE35A12C7FF0A2008326AD /* PBXTargetDependency */,
			);
			name = ChallengeMercadoLibreTests;
			productName = ChallengeMercadoLibreTests;
			productReference = 06AE359F2C7FF0A2008326AD /* ChallengeMercadoLibreTests.xctest */;
			productType = "com.apple.product-type.bundle.unit-test";
		};
		06AE35A82C7FF0A2008326AD /* ChallengeMercadoLibreUITests */ = {
			isa = PBXNativeTarget;
			buildConfigurationList = 06AE35B92C7FF0A2008326AD /* Build configuration list for PBXNativeTarget "ChallengeMercadoLibreUITests" */;
			buildPhases = (
				06AE35A52C7FF0A2008326AD /* Sources */,
				06AE35A62C7FF0A2008326AD /* Frameworks */,
				06AE35A72C7FF0A2008326AD /* Resources */,
			);
			buildRules = (
			);
			dependencies = (
				06AE35AB2C7FF0A2008326AD /* PBXTargetDependency */,
			);
			name = ChallengeMercadoLibreUITests;
			productName = ChallengeMercadoLibreUITests;
			productReference = 06AE35A92C7FF0A2008326AD /* ChallengeMercadoLibreUITests.xctest */;
			productType = "com.apple.product-type.bundle.ui-testing";
		};
/* End PBXNativeTarget section */

/* Begin PBXProject section */
		06AE35872C7FF0A1008326AD /* Project object */ = {
			isa = PBXProject;
			attributes = {
				BuildIndependentTargetsInParallel = 1;
				LastSwiftUpdateCheck = 1520;
				LastUpgradeCheck = 1520;
				TargetAttributes = {
					06AE358E2C7FF0A1008326AD = {
						CreatedOnToolsVersion = 15.2;
					};
					06AE359E2C7FF0A2008326AD = {
						CreatedOnToolsVersion = 15.2;
						TestTargetID = 06AE358E2C7FF0A1008326AD;
					};
					06AE35A82C7FF0A2008326AD = {
						CreatedOnToolsVersion = 15.2;
						TestTargetID = 06AE358E2C7FF0A1008326AD;
					};
				};
			};
			buildConfigurationList = 06AE358A2C7FF0A1008326AD /* Build configuration list for PBXProject "ChallengeMercadoLibre" */;
			compatibilityVersion = "Xcode 14.0";
			developmentRegion = en;
			hasScannedForEncodings = 0;
			knownRegions = (
				en,
				Base,
			);
			mainGroup = 06AE35862C7FF0A1008326AD;
			productRefGroup = 06AE35902C7FF0A1008326AD /* Products */;
			projectDirPath = "";
			projectRoot = "";
			targets = (
				06AE358E2C7FF0A1008326AD /* ChallengeMercadoLibre */,
				06AE359E2C7FF0A2008326AD /* ChallengeMercadoLibreTests */,
				06AE35A82C7FF0A2008326AD /* ChallengeMercadoLibreUITests */,
			);
		};
/* End PBXProject section */

/* Begin PBXResourcesBuildPhase section */
		06AE358D2C7FF0A1008326AD /* Resources */ = {
			isa = PBXResourcesBuildPhase;
			buildActionMask = 2147483647;
			files = (
				06AE359A2C7FF0A2008326AD /* Preview Assets.xcassets in Resources */,
				06AE35972C7FF0A2008326AD /* Assets.xcassets in Resources */,
			);
			runOnlyForDeploymentPostprocessing = 0;
		};
		06AE359D2C7FF0A2008326AD /* Resources */ = {
			isa = PBXResourcesBuildPhase;
			buildActionMask = 2147483647;
			files = (
			);
			runOnlyForDeploymentPostprocessing = 0;
		};
		06AE35A72C7FF0A2008326AD /* Resources */ = {
			isa = PBXResourcesBuildPhase;
			buildActionMask = 2147483647;
			files = (
			);
			runOnlyForDeploymentPostprocessing = 0;
		};
/* End PBXResourcesBuildPhase section */

/* Begin PBXSourcesBuildPhase section */
		06AE358B2C7FF0A1008326AD /* Sources */ = {
			isa = PBXSourcesBuildPhase;
			buildActionMask = 2147483647;
			files = (
				06AE35932C7FF0A1008326AD /* ChallengeMercadoLibreApp.swift in Sources */,
				06AE35C42C7FF359008326AD /* MainView.swift in Sources */,
			);
			runOnlyForDeploymentPostprocessing = 0;
		};
		06AE359B2C7FF0A2008326AD /* Sources */ = {
			isa = PBXSourcesBuildPhase;
			buildActionMask = 2147483647;
			files = (
				06AE35A42C7FF0A2008326AD /* ChallengeMercadoLibreTests.swift in Sources */,
			);
			runOnlyForDeploymentPostprocessing = 0;
		};
		06AE35A52C7FF0A2008326AD /* Sources */ = {
			isa = PBXSourcesBuildPhase;
			buildActionMask = 2147483647;
			files = (
				06AE35AE2C7FF0A2008326AD /* ChallengeMercadoLibreUITests.swift in Sources */,
				06AE35B02C7FF0A2008326AD /* ChallengeMercadoLibreUITestsLaunchTests.swift in Sources */,
			);
			runOnlyForDeploymentPostprocessing = 0;
		};
/* End PBXSourcesBuildPhase section */

/* Begin PBXTargetDependency section */
		06AE35A12C7FF0A2008326AD /* PBXTargetDependency */ = {
			isa = PBXTargetDependency;
			target = 06AE358E2C7FF0A1008326AD /* ChallengeMercadoLibre */;
			targetProxy = 06AE35A02C7FF0A2008326AD /* PBXContainerItemProxy */;
		};
		06AE35AB2C7FF0A2008326AD /* PBXTargetDependency */ = {
			isa = PBXTargetDependency;
			target = 06AE358E2C7FF0A1008326AD /* ChallengeMercadoLibre */;
			targetProxy = 06AE35AA2C7FF0A2008326AD /* PBXContainerItemProxy */;
		};
/* End PBXTargetDependency section */

/* Begin XCBuildConfiguration section */
		06AE35B12C7FF0A2008326AD /* Debug */ = {
			isa = XCBuildConfiguration;
			buildSettings = {
				ALWAYS_SEARCH_USER_PATHS = NO;
				ASSETCATALOG_COMPILER_GENERATE_SWIFT_ASSET_SYMBOL_EXTENSIONS = YES;
				CLANG_ANALYZER_NONNULL = YES;
				CLANG_ANALYZER_NUMBER_OBJECT_CONVERSION = YES_AGGRESSIVE;
				CLANG_CXX_LANGUAGE_STANDARD = "gnu++20";
				CLANG_ENABLE_MODULES = YES;
				CLANG_ENABLE_OBJC_ARC = YES;
				CLANG_ENABLE_OBJC_WEAK = YES;
				CLANG_WARN_BLOCK_CAPTURE_AUTORELEASING = YES;
				CLANG_WARN_BOOL_CONVERSION = YES;
				CLANG_WARN_COMMA = YES;
				CLANG_WARN_CONSTANT_CONVERSION = YES;
				CLANG_WARN_DEPRECATED_OBJC_IMPLEMENTATIONS = YES;
				CLANG_WARN_DIRECT_OBJC_ISA_USAGE = YES_ERROR;
				CLANG_WARN_DOCUMENTATION_COMMENTS = YES;
				CLANG_WARN_EMPTY_BODY = YES;
				CLANG_WARN_ENUM_CONVERSION = YES;
				CLANG_WARN_INFINITE_RECURSION = YES;
				CLANG_WARN_INT_CONVERSION = YES;
				CLANG_WARN_NON_LITERAL_NULL_CONVERSION = YES;
				CLANG_WARN_OBJC_IMPLICIT_RETAIN_SELF = YES;
				CLANG_WARN_OBJC_LITERAL_CONVERSION = YES;
				CLANG_WARN_OBJC_ROOT_CLASS = YES_ERROR;
				CLANG_WARN_QUOTED_INCLUDE_IN_FRAMEWORK_HEADER = YES;
				CLANG_WARN_RANGE_LOOP_ANALYSIS = YES;
				CLANG_WARN_STRICT_PROTOTYPES = YES;
				CLANG_WARN_SUSPICIOUS_MOVE = YES;
				CLANG_WARN_UNGUARDED_AVAILABILITY = YES_AGGRESSIVE;
				CLANG_WARN_UNREACHABLE_CODE = YES;
				CLANG_WARN__DUPLICATE_METHOD_MATCH = YES;
				COPY_PHASE_STRIP = NO;
				DEBUG_INFORMATION_FORMAT = dwarf;
				ENABLE_STRICT_OBJC_MSGSEND = YES;
				ENABLE_TESTABILITY = YES;
				ENABLE_USER_SCRIPT_SANDBOXING = YES;
				GCC_C_LANGUAGE_STANDARD = gnu17;
				GCC_DYNAMIC_NO_PIC = NO;
				GCC_NO_COMMON_BLOCKS = YES;
				GCC_OPTIMIZATION_LEVEL = 0;
				GCC_PREPROCESSOR_DEFINITIONS = (
					"DEBUG=1",
					"$(inherited)",
				);
				GCC_WARN_64_TO_32_BIT_CONVERSION = YES;
				GCC_WARN_ABOUT_RETURN_TYPE = YES_ERROR;
				GCC_WARN_UNDECLARED_SELECTOR = YES;
				GCC_WARN_UNINITIALIZED_AUTOS = YES_AGGRESSIVE;
				GCC_WARN_UNUSED_FUNCTION = YES;
				GCC_WARN_UNUSED_VARIABLE = YES;
				IPHONEOS_DEPLOYMENT_TARGET = 17.2;
				LOCALIZATION_PREFERS_STRING_CATALOGS = YES;
				MTL_ENABLE_DEBUG_INFO = INCLUDE_SOURCE;
				MTL_FAST_MATH = YES;
				ONLY_ACTIVE_ARCH = YES;
				SDKROOT = iphoneos;
				SWIFT_ACTIVE_COMPILATION_CONDITIONS = "DEBUG $(inherited)";
				SWIFT_OPTIMIZATION_LEVEL = "-Onone";
			};
			name = Debug;
		};
		06AE35B22C7FF0A2008326AD /* Release */ = {
			isa = XCBuildConfiguration;
			buildSettings = {
				ALWAYS_SEARCH_USER_PATHS = NO;
				ASSETCATALOG_COMPILER_GENERATE_SWIFT_ASSET_SYMBOL_EXTENSIONS = YES;
				CLANG_ANALYZER_NONNULL = YES;
				CLANG_ANALYZER_NUMBER_OBJECT_CONVERSION = YES_AGGRESSIVE;
				CLANG_CXX_LANGUAGE_STANDARD = "gnu++20";
				CLANG_ENABLE_MODULES = YES;
				CLANG_ENABLE_OBJC_ARC = YES;
				CLANG_ENABLE_OBJC_WEAK = YES;
				CLANG_WARN_BLOCK_CAPTURE_AUTORELEASING = YES;
				CLANG_WARN_BOOL_CONVERSION = YES;
				CLANG_WARN_COMMA = YES;
				CLANG_WARN_CONSTANT_CONVERSION = YES;
				CLANG_WARN_DEPRECATED_OBJC_IMPLEMENTATIONS = YES;
				CLANG_WARN_DIRECT_OBJC_ISA_USAGE = YES_ERROR;
				CLANG_WARN_DOCUMENTATION_COMMENTS = YES;
				CLANG_WARN_EMPTY_BODY = YES;
				CLANG_WARN_ENUM_CONVERSION = YES;
				CLANG_WARN_INFINITE_RECURSION = YES;
				CLANG_WARN_INT_CONVERSION = YES;
				CLANG_WARN_NON_LITERAL_NULL_CONVERSION = YES;
				CLANG_WARN_OBJC_IMPLICIT_RETAIN_SELF = YES;
				CLANG_WARN_OBJC_LITERAL_CONVERSION = YES;
				CLANG_WARN_OBJC_ROOT_CLASS = YES_ERROR;
				CLANG_WARN_QUOTED_INCLUDE_IN_FRAMEWORK_HEADER = YES;
				CLANG_WARN_RANGE_LOOP_ANALYSIS = YES;
				CLANG_WARN_STRICT_PROTOTYPES = YES;
				CLANG_WARN_SUSPICIOUS_MOVE = YES;
				CLANG_WARN_UNGUARDED_AVAILABILITY = YES_AGGRESSIVE;
				CLANG_WARN_UNREACHABLE_CODE = YES;
				CLANG_WARN__DUPLICATE_METHOD_MATCH = YES;
				COPY_PHASE_STRIP = NO;
				DEBUG_INFORMATION_FORMAT = "dwarf-with-dsym";
				ENABLE_NS_ASSERTIONS = NO;
				ENABLE_STRICT_OBJC_MSGSEND = YES;
				ENABLE_USER_SCRIPT_SANDBOXING = YES;
				GCC_C_LANGUAGE_STANDARD = gnu17;
				GCC_NO_COMMON_BLOCKS = YES;
				GCC_WARN_64_TO_32_BIT_CONVERSION = YES;
				GCC_WARN_ABOUT_RETURN_TYPE = YES_ERROR;
				GCC_WARN_UNDECLARED_SELECTOR = YES;
				GCC_WARN_UNINITIALIZED_AUTOS = YES_AGGRESSIVE;
				GCC_WARN_UNUSED_FUNCTION = YES;
				GCC_WARN_UNUSED_VARIABLE = YES;
				IPHONEOS_DEPLOYMENT_TARGET = 17.2;
				LOCALIZATION_PREFERS_STRING_CATALOGS = YES;
				MTL_ENABLE_DEBUG_INFO = NO;
				MTL_FAST_MATH = YES;
				SDKROOT = iphoneos;
				SWIFT_COMPILATION_MODE = wholemodule;
				VALIDATE_PRODUCT = YES;
			};
			name = Release;
		};
		06AE35B42C7FF0A2008326AD /* Debug */ = {
			isa = XCBuildConfiguration;
			buildSettings = {
				ASSETCATALOG_COMPILER_APPICON_NAME = AppIcon;
				ASSETCATALOG_COMPILER_GLOBAL_ACCENT_COLOR_NAME = AccentColor;
				CODE_SIGN_STYLE = Automatic;
				CURRENT_PROJECT_VERSION = 1;
				DEVELOPMENT_ASSET_PATHS = "\"ChallengeMercadoLibre/Preview Content\"";
				DEVELOPMENT_TEAM = 7AL7L9J57V;
				ENABLE_PREVIEWS = YES;
				GENERATE_INFOPLIST_FILE = YES;
				INFOPLIST_FILE = ChallengeMercadoLibre/Info.plist;
				INFOPLIST_KEY_UIApplicationSceneManifest_Generation = YES;
				INFOPLIST_KEY_UIApplicationSupportsIndirectInputEvents = YES;
				INFOPLIST_KEY_UILaunchScreen_Generation = YES;
				INFOPLIST_KEY_UISupportedInterfaceOrientations = UIInterfaceOrientationPortrait;
				INFOPLIST_KEY_UISupportedInterfaceOrientations_iPad = "UIInterfaceOrientationLandscapeLeft UIInterfaceOrientationLandscapeRight UIInterfaceOrientationPortrait UIInterfaceOrientationPortraitUpsideDown";
				LD_RUNPATH_SEARCH_PATHS = (
					"$(inherited)",
					"@executable_path/Frameworks",
				);
				MARKETING_VERSION = 1.0;
				PRODUCT_BUNDLE_IDENTIFIER = nehuenRothTest.ChallengeMercadoLibre;
				PRODUCT_NAME = "$(TARGET_NAME)";
				SUPPORTED_PLATFORMS = "iphoneos iphonesimulator";
				SUPPORTS_MACCATALYST = NO;
				SUPPORTS_MAC_DESIGNED_FOR_IPHONE_IPAD = NO;
				SUPPORTS_XR_DESIGNED_FOR_IPHONE_IPAD = NO;
				SWIFT_EMIT_LOC_STRINGS = YES;
				SWIFT_VERSION = 5.0;
				TARGETED_DEVICE_FAMILY = 1;
			};
			name = Debug;
		};
		06AE35B52C7FF0A2008326AD /* Release */ = {
			isa = XCBuildConfiguration;
			buildSettings = {
				ASSETCATALOG_COMPILER_APPICON_NAME = AppIcon;
				ASSETCATALOG_COMPILER_GLOBAL_ACCENT_COLOR_NAME = AccentColor;
				CODE_SIGN_STYLE = Automatic;
				CURRENT_PROJECT_VERSION = 1;
				DEVELOPMENT_ASSET_PATHS = "\"ChallengeMercadoLibre/Preview Content\"";
				DEVELOPMENT_TEAM = 7AL7L9J57V;
				ENABLE_PREVIEWS = YES;
				GENERATE_INFOPLIST_FILE = YES;
				INFOPLIST_FILE = ChallengeMercadoLibre/Info.plist;
				INFOPLIST_KEY_UIApplicationSceneManifest_Generation = YES;
				INFOPLIST_KEY_UIApplicationSupportsIndirectInputEvents = YES;
				INFOPLIST_KEY_UILaunchScreen_Generation = YES;
				INFOPLIST_KEY_UISupportedInterfaceOrientations = UIInterfaceOrientationPortrait;
				INFOPLIST_KEY_UISupportedInterfaceOrientations_iPad = "UIInterfaceOrientationLandscapeLeft UIInterfaceOrientationLandscapeRight UIInterfaceOrientationPortrait UIInterfaceOrientationPortraitUpsideDown";
				LD_RUNPATH_SEARCH_PATHS = (
					"$(inherited)",
					"@executable_path/Frameworks",
				);
				MARKETING_VERSION = 1.0;
				PRODUCT_BUNDLE_IDENTIFIER = nehuenRothTest.ChallengeMercadoLibre;
				PRODUCT_NAME = "$(TARGET_NAME)";
				SUPPORTED_PLATFORMS = "iphoneos iphonesimulator";
				SUPPORTS_MACCATALYST = NO;
				SUPPORTS_MAC_DESIGNED_FOR_IPHONE_IPAD = NO;
				SUPPORTS_XR_DESIGNED_FOR_IPHONE_IPAD = NO;
				SWIFT_EMIT_LOC_STRINGS = YES;
				SWIFT_VERSION = 5.0;
				TARGETED_DEVICE_FAMILY = 1;
			};
			name = Release;
		};
		06AE35B72C7FF0A2008326AD /* Debug */ = {
			isa = XCBuildConfiguration;
			buildSettings = {
				ALWAYS_EMBED_SWIFT_STANDARD_LIBRARIES = YES;
				BUNDLE_LOADER = "$(TEST_HOST)";
				CODE_SIGN_STYLE = Automatic;
				CURRENT_PROJECT_VERSION = 1;
				DEVELOPMENT_TEAM = 7AL7L9J57V;
				GENERATE_INFOPLIST_FILE = YES;
				IPHONEOS_DEPLOYMENT_TARGET = 17.2;
				MARKETING_VERSION = 1.0;
				PRODUCT_BUNDLE_IDENTIFIER = nehuenRothTest.ChallengeMercadoLibreTests;
				PRODUCT_NAME = "$(TARGET_NAME)";
				SWIFT_EMIT_LOC_STRINGS = NO;
				SWIFT_VERSION = 5.0;
				TARGETED_DEVICE_FAMILY = "1,2";
				TEST_HOST = "$(BUILT_PRODUCTS_DIR)/ChallengeMercadoLibre.app/$(BUNDLE_EXECUTABLE_FOLDER_PATH)/ChallengeMercadoLibre";
			};
			name = Debug;
		};
		06AE35B82C7FF0A2008326AD /* Release */ = {
			isa = XCBuildConfiguration;
			buildSettings = {
				ALWAYS_EMBED_SWIFT_STANDARD_LIBRARIES = YES;
				BUNDLE_LOADER = "$(TEST_HOST)";
				CODE_SIGN_STYLE = Automatic;
				CURRENT_PROJECT_VERSION = 1;
				DEVELOPMENT_TEAM = 7AL7L9J57V;
				GENERATE_INFOPLIST_FILE = YES;
				IPHONEOS_DEPLOYMENT_TARGET = 17.2;
				MARKETING_VERSION = 1.0;
				PRODUCT_BUNDLE_IDENTIFIER = nehuenRothTest.ChallengeMercadoLibreTests;
				PRODUCT_NAME = "$(TARGET_NAME)";
				SWIFT_EMIT_LOC_STRINGS = NO;
				SWIFT_VERSION = 5.0;
				TARGETED_DEVICE_FAMILY = "1,2";
				TEST_HOST = "$(BUILT_PRODUCTS_DIR)/ChallengeMercadoLibre.app/$(BUNDLE_EXECUTABLE_FOLDER_PATH)/ChallengeMercadoLibre";
			};
			name = Release;
		};
		06AE35BA2C7FF0A2008326AD /* Debug */ = {
			isa = XCBuildConfiguration;
			buildSettings = {
				ALWAYS_EMBED_SWIFT_STANDARD_LIBRARIES = YES;
				CODE_SIGN_STYLE = Automatic;
				CURRENT_PROJECT_VERSION = 1;
				DEVELOPMENT_TEAM = 7AL7L9J57V;
				GENERATE_INFOPLIST_FILE = YES;
				MARKETING_VERSION = 1.0;
				PRODUCT_BUNDLE_IDENTIFIER = nehuenRothTest.ChallengeMercadoLibreUITests;
				PRODUCT_NAME = "$(TARGET_NAME)";
				SWIFT_EMIT_LOC_STRINGS = NO;
				SWIFT_VERSION = 5.0;
				TARGETED_DEVICE_FAMILY = "1,2";
				TEST_TARGET_NAME = ChallengeMercadoLibre;
			};
			name = Debug;
		};
		06AE35BB2C7FF0A2008326AD /* Release */ = {
			isa = XCBuildConfiguration;
			buildSettings = {
				ALWAYS_EMBED_SWIFT_STANDARD_LIBRARIES = YES;
				CODE_SIGN_STYLE = Automatic;
				CURRENT_PROJECT_VERSION = 1;
				DEVELOPMENT_TEAM = 7AL7L9J57V;
				GENERATE_INFOPLIST_FILE = YES;
				MARKETING_VERSION = 1.0;
				PRODUCT_BUNDLE_IDENTIFIER = nehuenRothTest.ChallengeMercadoLibreUITests;
				PRODUCT_NAME = "$(TARGET_NAME)";
				SWIFT_EMIT_LOC_STRINGS = NO;
				SWIFT_VERSION = 5.0;
				TARGETED_DEVICE_FAMILY = "1,2";
				TEST_TARGET_NAME = ChallengeMercadoLibre;
			};
			name = Release;
		};
/* End XCBuildConfiguration section */

/* Begin XCConfigurationList section */
		06AE358A2C7FF0A1008326AD /* Build configuration list for PBXProject "ChallengeMercadoLibre" */ = {
			isa = XCConfigurationList;
			buildConfigurations = (
				06AE35B12C7FF0A2008326AD /* Debug */,
				06AE35B22C7FF0A2008326AD /* Release */,
			);
			defaultConfigurationIsVisible = 0;
			defaultConfigurationName = Release;
		};
		06AE35B32C7FF0A2008326AD /* Build configuration list for PBXNativeTarget "ChallengeMercadoLibre" */ = {
			isa = XCConfigurationList;
			buildConfigurations = (
				06AE35B42C7FF0A2008326AD /* Debug */,
				06AE35B52C7FF0A2008326AD /* Release */,
			);
			defaultConfigurationIsVisible = 0;
			defaultConfigurationName = Release;
		};
		06AE35B62C7FF0A2008326AD /* Build configuration list for PBXNativeTarget "ChallengeMercadoLibreTests" */ = {
			isa = XCConfigurationList;
			buildConfigurations = (
				06AE35B72C7FF0A2008326AD /* Debug */,
				06AE35B82C7FF0A2008326AD /* Release */,
			);
			defaultConfigurationIsVisible = 0;
			defaultConfigurationName = Release;
		};
		06AE35B92C7FF0A2008326AD /* Build configuration list for PBXNativeTarget "ChallengeMercadoLibreUITests" */ = {
			isa = XCConfigurationList;
			buildConfigurations = (
				06AE35BA2C7FF0A2008326AD /* Debug */,
				06AE35BB2C7FF0A2008326AD /* Release */,
			);
			defaultConfigurationIsVisible = 0;
			defaultConfigurationName = Release;
		};
/* End XCConfigurationList section */
	};
	rootObject = 06AE35872C7FF0A1008326AD /* Project object */;
}
